{
  "name": "link-cache",
  "version": "0.6.0",
  "lockfileVersion": 3,
  "requires": true,
  "packages": {
    "": {
      "name": "link-cache",
      "version": "0.6.0",
      "license": "Apache-2.0",
      "bin": {
        "link-cache": "link-cache/index.mjs",
        "lychee-norm-cache": "check/index.mjs",
        "refcache": "link-cache/refcache.mjs"
      },
      "devDependencies": {
        "prettier": "^3.9.4"
      },
      "engines": {
        "node": ">=24"
      }
    },
    "node_modules/prettier": {
      "version": "3.9.9",
      "resolved": "https://registry.npmjs.org/prettier/-/prettier-3.9.9.tgz",
      "integrity": "sha512-Z/CJHIkdujO/OtN7nXUii0Rf3VT5SRuhjBA82Xvu2XhBUgX3nhP67T0LHceBdQLex7OOFGTox+Q5Yg8Jk2Qivg==",
      "dev": true,
      "license": "MIT",
      "bin": {
        "prettier": "bin/prettier.cjs"
      },
      "engines": {
        "node": ">=14"
      },
      "funding": {
        "url": "https://github.com/prettier/prettier?sponsor=1"
      }
    }
  }
}
